
Microsoft Visual Studio Solution File, Format Version 12.00
# Visual Studio 15
VisualStudioVersion = 15.0.26730.8
MinimumVisualStudioVersion = 10.0.40219.1
Project("{9A19103F-16F7-4668-BE54-9A1E7A4F7556}") = "AccountabilityLib", "InterfacesAndClasses\AccountabilityLib.csproj", "{A709CF0B-FC6B-4D50-B06A-6EE79A451A6B}"
EndProject
Project("{2150E333-8FDC-42A3-9474-1A3956D46DE8}") = "Accountability", "Accountability", "{836D9C46-545F-415B-B8D8-485598C2F037}"
EndProject
Project("{9A19103F-16F7-4668-BE54-9A1E7A4F7556}") = "Mattias.Tests", "Mattias.Tests\Mattias.Tests.csproj", "{FD886CB6-D476-4515-803A-B2A85A75096C}"
EndProject
Project("{2150E333-8FDC-42A3-9474-1A3956D46DE8}") = "DatabaseRepo", "DatabaseRepo", "{FCAA82FD-82DF-4C10-8729-2D590A5C325A}"
EndProject
Project("{9A19103F-16F7-4668-BE54-9A1E7A4F7556}") = "DatabaseRepoLib", "DatabaseRepoLib\DatabaseRepoLib.csproj", "{41629F5A-BD70-4CC1-99FA-938BB9E4AFB8}"
EndProject
Project("{2150E333-8FDC-42A3-9474-1A3956D46DE8}") = "BowlingSystem", "BowlingSystem", "{8BF56822-0A9E-4815-9BFB-4CF66B9A8FB5}"
EndProject
Project("{9A19103F-16F7-4668-BE54-9A1E7A4F7556}") = "BowlingLib", "BowlingLib\BowlingLib.csproj", "{9902A92C-A52E-4712-B726-B8F38D3EFD73}"
EndProject
Project("{9A19103F-16F7-4668-BE54-9A1E7A4F7556}") = "DatabaseUnitTests", "DatabaseUnitTests\DatabaseUnitTests.csproj", "{DFC87076-BF4E-4C9B-868C-A02E016BEA55}"
EndProject
Project("{9A19103F-16F7-4668-BE54-9A1E7A4F7556}") = "IntegratedDatabaseTests", "IntegratedDatabaseTests\IntegratedDatabaseTests.csproj", "{3D71938E-F0CE-4587-B650-BF7D680E23E6}"
EndProject
Project("{9A19103F-16F7-4668-BE54-9A1E7A4F7556}") = "BowlingUnitTests", "BowlingUnitTests\BowlingUnitTests.csproj", "{9C8D2464-F115-46C6-9BDB-C71681D00812}"
EndProject
Project("{9A19103F-16F7-4668-BE54-9A1E7A4F7556}") = "IntegratedBowlingTests", "IntegratedBowlingTests\IntegratedBowlingTests.csproj", "{E3E8DC91-D0AC-461D-AD08-C0D9690E046A}"
EndProject
Project("{2150E333-8FDC-42A3-9474-1A3956D46DE8}") = "Bowling", "Bowling", "{2A153545-5D5A-4F8F-BEBE-9AE6F53A2CE3}"
EndProject
Project("{2150E333-8FDC-42A3-9474-1A3956D46DE8}") = "Measurement", "Measurement", "{F1F4B428-794A-439E-940B-D391219B9DBF}"
EndProject
Project("{9A19103F-16F7-4668-BE54-9A1E7A4F7556}") = "MeasurementLib", "MeasurementLib\MeasurementLib.csproj", "{8D95D20B-0C8D-4C65-A856-FA43F5FB75D6}"
EndProject
Project("{2150E333-8FDC-42A3-9474-1A3956D46DE8}") = "Factories", "Factories", "{8318CCE4-80FF-4FE5-A84C-E6BCFC8B4945}"
EndProject
Project("{FAE04EC0-301F-11D3-BF4B-00C04F79EFBC}") = "FactoryLib", "FactoryLib\FactoryLib.csproj", "{1A98FE50-9500-4147-9253-985FD0305A59}"
EndProject
Global
	GlobalSection(SolutionConfigurationPlatforms) = preSolution
		Debug|Any CPU = Debug|Any CPU
		Release|Any CPU = Release|Any CPU
	EndGlobalSection
	GlobalSection(ProjectConfigurationPlatforms) = postSolution
		{A709CF0B-FC6B-4D50-B06A-6EE79A451A6B}.Debug|Any CPU.ActiveCfg = Debug|Any CPU
		{A709CF0B-FC6B-4D50-B06A-6EE79A451A6B}.Debug|Any CPU.Build.0 = Debug|Any CPU
		{A709CF0B-FC6B-4D50-B06A-6EE79A451A6B}.Release|Any CPU.ActiveCfg = Release|Any CPU
		{A709CF0B-FC6B-4D50-B06A-6EE79A451A6B}.Release|Any CPU.Build.0 = Release|Any CPU
		{FD886CB6-D476-4515-803A-B2A85A75096C}.Debug|Any CPU.ActiveCfg = Debug|Any CPU
		{FD886CB6-D476-4515-803A-B2A85A75096C}.Debug|Any CPU.Build.0 = Debug|Any CPU
		{FD886CB6-D476-4515-803A-B2A85A75096C}.Release|Any CPU.ActiveCfg = Release|Any CPU
		{FD886CB6-D476-4515-803A-B2A85A75096C}.Release|Any CPU.Build.0 = Release|Any CPU
		{41629F5A-BD70-4CC1-99FA-938BB9E4AFB8}.Debug|Any CPU.ActiveCfg = Debug|Any CPU
		{41629F5A-BD70-4CC1-99FA-938BB9E4AFB8}.Debug|Any CPU.Build.0 = Debug|Any CPU
		{41629F5A-BD70-4CC1-99FA-938BB9E4AFB8}.Release|Any CPU.ActiveCfg = Release|Any CPU
		{41629F5A-BD70-4CC1-99FA-938BB9E4AFB8}.Release|Any CPU.Build.0 = Release|Any CPU
		{9902A92C-A52E-4712-B726-B8F38D3EFD73}.Debug|Any CPU.ActiveCfg = Debug|Any CPU
		{9902A92C-A52E-4712-B726-B8F38D3EFD73}.Debug|Any CPU.Build.0 = Debug|Any CPU
		{9902A92C-A52E-4712-B726-B8F38D3EFD73}.Release|Any CPU.ActiveCfg = Release|Any CPU
		{9902A92C-A52E-4712-B726-B8F38D3EFD73}.Release|Any CPU.Build.0 = Release|Any CPU
		{DFC87076-BF4E-4C9B-868C-A02E016BEA55}.Debug|Any CPU.ActiveCfg = Debug|Any CPU
		{DFC87076-BF4E-4C9B-868C-A02E016BEA55}.Debug|Any CPU.Build.0 = Debug|Any CPU
		{DFC87076-BF4E-4C9B-868C-A02E016BEA55}.Release|Any CPU.ActiveCfg = Release|Any CPU
		{DFC87076-BF4E-4C9B-868C-A02E016BEA55}.Release|Any CPU.Build.0 = Release|Any CPU
		{3D71938E-F0CE-4587-B650-BF7D680E23E6}.Debug|Any CPU.ActiveCfg = Debug|Any CPU
		{3D71938E-F0CE-4587-B650-BF7D680E23E6}.Debug|Any CPU.Build.0 = Debug|Any CPU
		{3D71938E-F0CE-4587-B650-BF7D680E23E6}.Release|Any CPU.ActiveCfg = Release|Any CPU
		{3D71938E-F0CE-4587-B650-BF7D680E23E6}.Release|Any CPU.Build.0 = Release|Any CPU
		{9C8D2464-F115-46C6-9BDB-C71681D00812}.Debug|Any CPU.ActiveCfg = Debug|Any CPU
		{9C8D2464-F115-46C6-9BDB-C71681D00812}.Debug|Any CPU.Build.0 = Debug|Any CPU
		{9C8D2464-F115-46C6-9BDB-C71681D00812}.Release|Any CPU.ActiveCfg = Release|Any CPU
		{9C8D2464-F115-46C6-9BDB-C71681D00812}.Release|Any CPU.Build.0 = Release|Any CPU
		{E3E8DC91-D0AC-461D-AD08-C0D9690E046A}.Debug|Any CPU.ActiveCfg = Debug|Any CPU
		{E3E8DC91-D0AC-461D-AD08-C0D9690E046A}.Debug|Any CPU.Build.0 = Debug|Any CPU
		{E3E8DC91-D0AC-461D-AD08-C0D9690E046A}.Release|Any CPU.ActiveCfg = Release|Any CPU
		{E3E8DC91-D0AC-461D-AD08-C0D9690E046A}.Release|Any CPU.Build.0 = Release|Any CPU
		{8D95D20B-0C8D-4C65-A856-FA43F5FB75D6}.Debug|Any CPU.ActiveCfg = Debug|Any CPU
		{8D95D20B-0C8D-4C65-A856-FA43F5FB75D6}.Debug|Any CPU.Build.0 = Debug|Any CPU
		{8D95D20B-0C8D-4C65-A856-FA43F5FB75D6}.Release|Any CPU.ActiveCfg = Release|Any CPU
		{8D95D20B-0C8D-4C65-A856-FA43F5FB75D6}.Release|Any CPU.Build.0 = Release|Any CPU
		{1A98FE50-9500-4147-9253-985FD0305A59}.Debug|Any CPU.ActiveCfg = Debug|Any CPU
		{1A98FE50-9500-4147-9253-985FD0305A59}.Debug|Any CPU.Build.0 = Debug|Any CPU
		{1A98FE50-9500-4147-9253-985FD0305A59}.Release|Any CPU.ActiveCfg = Release|Any CPU
		{1A98FE50-9500-4147-9253-985FD0305A59}.Release|Any CPU.Build.0 = Release|Any CPU
	EndGlobalSection
	GlobalSection(SolutionProperties) = preSolution
		HideSolutionNode = FALSE
	EndGlobalSection
	GlobalSection(NestedProjects) = preSolution
		{A709CF0B-FC6B-4D50-B06A-6EE79A451A6B} = {836D9C46-545F-415B-B8D8-485598C2F037}
		{FD886CB6-D476-4515-803A-B2A85A75096C} = {836D9C46-545F-415B-B8D8-485598C2F037}
		{FCAA82FD-82DF-4C10-8729-2D590A5C325A} = {2A153545-5D5A-4F8F-BEBE-9AE6F53A2CE3}
		{41629F5A-BD70-4CC1-99FA-938BB9E4AFB8} = {FCAA82FD-82DF-4C10-8729-2D590A5C325A}
		{8BF56822-0A9E-4815-9BFB-4CF66B9A8FB5} = {2A153545-5D5A-4F8F-BEBE-9AE6F53A2CE3}
		{9902A92C-A52E-4712-B726-B8F38D3EFD73} = {8BF56822-0A9E-4815-9BFB-4CF66B9A8FB5}
		{DFC87076-BF4E-4C9B-868C-A02E016BEA55} = {FCAA82FD-82DF-4C10-8729-2D590A5C325A}
		{3D71938E-F0CE-4587-B650-BF7D680E23E6} = {FCAA82FD-82DF-4C10-8729-2D590A5C325A}
		{9C8D2464-F115-46C6-9BDB-C71681D00812} = {8BF56822-0A9E-4815-9BFB-4CF66B9A8FB5}
		{E3E8DC91-D0AC-461D-AD08-C0D9690E046A} = {8BF56822-0A9E-4815-9BFB-4CF66B9A8FB5}
		{8D95D20B-0C8D-4C65-A856-FA43F5FB75D6} = {F1F4B428-794A-439E-940B-D391219B9DBF}
		{8318CCE4-80FF-4FE5-A84C-E6BCFC8B4945} = {2A153545-5D5A-4F8F-BEBE-9AE6F53A2CE3}
		{1A98FE50-9500-4147-9253-985FD0305A59} = {8318CCE4-80FF-4FE5-A84C-E6BCFC8B4945}
	EndGlobalSection
	GlobalSection(ExtensibilityGlobals) = postSolution
		SolutionGuid = {BD993A38-2250-4918-B1D7-EE5676E854CD}
	EndGlobalSection
EndGlobal
